{
  "nodes": {
    "clp_src": {
      "flake": false,
      "locked": {
        "lastModified": 1676457297,
        "narHash": "sha256-Hw/xfLs9XR1/Y4JS46xsjcOOohbhJr7giEJk/PPcYeE=",
        "owner": "jpe90",
        "repo": "clp",
        "rev": "a7736668ca20860b0665c3f8539b86183be6048f",
        "type": "github"
      },
      "original": {
        "owner": "jpe90",
        "repo": "clp",
        "type": "github"
      }
    },
    "fzf_tmux_kak": {
      "flake": false,
      "locked": {
        "lastModified": 1663607759,
        "narHash": "sha256-AQkTw4UGA6IzohOlp30NV0dXYv6ZRp2aUHLTrwhj3lg=",
        "owner": "jpe90",
        "repo": "fzf-tmux.kak",
        "rev": "2cb9ce7557ee4536fa7608e4af6187cab46527ea",
        "type": "github"
      },
      "original": {
        "owner": "jpe90",
        "repo": "fzf-tmux.kak",
        "type": "github"
      }
    },
    "nixpkgs": {
      "locked": {
        "lastModified": 1677468890,
        "narHash": "sha256-V4MPvt4PKaHSInRLWpaF8ICdC91SH+5bdd0FGxalJIg=",
        "owner": "NixOS",
        "repo": "nixpkgs",
        "rev": "3f19c04354dec3903f614eae09327a04d297835d",
        "type": "github"
      },
      "original": {
        "id": "nixpkgs",
        "type": "indirect"
      }
    },
    "root": {
      "inputs": {
        "clp_src": "clp_src",
        "fzf_tmux_kak": "fzf_tmux_kak",
        "nixpkgs": "nixpkgs"
      }
    }
  },
  "root": "root",
  "version": 7
}
